// !$*UTF8*$!
{
	archiveVersion = 1;
	classes = {
	};
	objectVersion = 50;
	objects = {

/* Begin PBXBuildFile section */
		D440036E2169A7D2000C40C7 /* ViewModel.swift in Sources */ = {isa = PBXBuildFile; fileRef = D440036D2169A7D2000C40C7 /* ViewModel.swift */; };
		D44003702169AACF000C40C7 /* Instantiatable.swift in Sources */ = {isa = PBXBuildFile; fileRef = D440036F2169AACF000C40C7 /* Instantiatable.swift */; };
		D44003FD2169B550000C40C7 /* SetupBoilerplatelessTemplate.sh in Resources */ = {isa = PBXBuildFile; fileRef = D44003D02169B550000C40C7 /* SetupBoilerplatelessTemplate.sh */; };
		D440040D2169C141000C40C7 /* HogeViewController.storyboard in Resources */ = {isa = PBXBuildFile; fileRef = D440040A2169C141000C40C7 /* HogeViewController.storyboard */; };
		D440040E2169C141000C40C7 /* HogeViewController.swift in Sources */ = {isa = PBXBuildFile; fileRef = D440040B2169C141000C40C7 /* HogeViewController.swift */; };
		D440040F2169C141000C40C7 /* HogeViewModel.swift in Sources */ = {isa = PBXBuildFile; fileRef = D440040C2169C141000C40C7 /* HogeViewModel.swift */; };
		D44004112169C7DE000C40C7 /* README.md in Resources */ = {isa = PBXBuildFile; fileRef = D44004102169C7DE000C40C7 /* README.md */; };
		D44C66E021688FD300E6A43D /* AppDelegate.swift in Sources */ = {isa = PBXBuildFile; fileRef = D44C66DF21688FD300E6A43D /* AppDelegate.swift */; };
		D44C66E221688FD300E6A43D /* ViewController.swift in Sources */ = {isa = PBXBuildFile; fileRef = D44C66E121688FD300E6A43D /* ViewController.swift */; };
		D44C66E521688FD300E6A43D /* Main.storyboard in Resources */ = {isa = PBXBuildFile; fileRef = D44C66E321688FD300E6A43D /* Main.storyboard */; };
		D44C66E721688FD700E6A43D /* Assets.xcassets in Resources */ = {isa = PBXBuildFile; fileRef = D44C66E621688FD700E6A43D /* Assets.xcassets */; };
		D44C66EA21688FD700E6A43D /* LaunchScreen.storyboard in Resources */ = {isa = PBXBuildFile; fileRef = D44C66E821688FD700E6A43D /* LaunchScreen.storyboard */; };
		D4593B47217733CC00E5FF52 /* HogeDefaultViewController.storyboard in Resources */ = {isa = PBXBuildFile; fileRef = D4593B45217733CC00E5FF52 /* HogeDefaultViewController.storyboard */; };
		D4593B48217733CC00E5FF52 /* HogeDefaultViewController.swift in Sources */ = {isa = PBXBuildFile; fileRef = D4593B46217733CC00E5FF52 /* HogeDefaultViewController.swift */; };
		D4593B5C2177348100E5FF52 /* HogeTableViewController.swift in Sources */ = {isa = PBXBuildFile; fileRef = D4593B582177348100E5FF52 /* HogeTableViewController.swift */; };
		D4593B5D2177348100E5FF52 /* HogeTableViewController.storyboard in Resources */ = {isa = PBXBuildFile; fileRef = D4593B592177348100E5FF52 /* HogeTableViewController.storyboard */; };
		D4593B5E2177348100E5FF52 /* HogeTableViewModel.swift in Sources */ = {isa = PBXBuildFile; fileRef = D4593B5A2177348100E5FF52 /* HogeTableViewModel.swift */; };
		D4593B702180A21700E5FF52 /* RemoveBoilerplatelessTemplate.sh in Resources */ = {isa = PBXBuildFile; fileRef = D4593B6F2180A21700E5FF52 /* RemoveBoilerplatelessTemplate.sh */; };
		D4593B7A2180A3EF00E5FF52 /* HogeTableViewCell.xib in Resources */ = {isa = PBXBuildFile; fileRef = D4593B772180A3EF00E5FF52 /* HogeTableViewCell.xib */; };
		D4593B7B2180A3EF00E5FF52 /* HogeTableViewCell.swift in Sources */ = {isa = PBXBuildFile; fileRef = D4593B782180A3EF00E5FF52 /* HogeTableViewCell.swift */; };
		D4593B7C2180A3EF00E5FF52 /* HogeTableViewCellModel.swift in Sources */ = {isa = PBXBuildFile; fileRef = D4593B792180A3EF00E5FF52 /* HogeTableViewCellModel.swift */; };
/* End PBXBuildFile section */

/* Begin PBXFileReference section */
		D440036D2169A7D2000C40C7 /* ViewModel.swift */ = {isa = PBXFileReference; lastKnownFileType = sourcecode.swift; path = ViewModel.swift; sourceTree = "<group>"; };
		D440036F2169AACF000C40C7 /* Instantiatable.swift */ = {isa = PBXFileReference; lastKnownFileType = sourcecode.swift; path = Instantiatable.swift; sourceTree = "<group>"; };
		D44003D02169B550000C40C7 /* SetupBoilerplatelessTemplate.sh */ = {isa = PBXFileReference; fileEncoding = 4; lastKnownFileType = text.script.sh; path = SetupBoilerplatelessTemplate.sh; sourceTree = "<group>"; };
		D440040A2169C141000C40C7 /* HogeViewController.storyboard */ = {isa = PBXFileReference; lastKnownFileType = file.storyboard; path = HogeViewController.storyboard; sourceTree = "<group>"; };
		D440040B2169C141000C40C7 /* HogeViewController.swift */ = {isa = PBXFileReference; lastKnownFileType = sourcecode.swift; path = HogeViewController.swift; sourceTree = "<group>"; };
		D440040C2169C141000C40C7 /* HogeViewModel.swift */ = {isa = PBXFileReference; lastKnownFileType = sourcecode.swift; path = HogeViewModel.swift; sourceTree = "<group>"; };
		D44004102169C7DE000C40C7 /* README.md */ = {isa = PBXFileReference; lastKnownFileType = net.daringfireball.markdown; path = README.md; sourceTree = SOURCE_ROOT; };
		D44C66DC21688FD300E6A43D /* BoilerplatelessSample.app */ = {isa = PBXFileReference; explicitFileType = wrapper.application; includeInIndex = 0; path = BoilerplatelessSample.app; sourceTree = BUILT_PRODUCTS_DIR; };
		D44C66DF21688FD300E6A43D /* AppDelegate.swift */ = {isa = PBXFileReference; lastKnownFileType = sourcecode.swift; path = AppDelegate.swift; sourceTree = "<group>"; };
		D44C66E121688FD300E6A43D /* ViewController.swift */ = {isa = PBXFileReference; lastKnownFileType = sourcecode.swift; path = ViewController.swift; sourceTree = "<group>"; };
		D44C66E421688FD300E6A43D /* Base */ = {isa = PBXFileReference; lastKnownFileType = file.storyboard; name = Base; path = Base.lproj/Main.storyboard; sourceTree = "<group>"; };
		D44C66E621688FD700E6A43D /* Assets.xcassets */ = {isa = PBXFileReference; lastKnownFileType = folder.assetcatalog; path = Assets.xcassets; sourceTree = "<group>"; };
		D44C66E921688FD700E6A43D /* Base */ = {isa = PBXFileReference; lastKnownFileType = file.storyboard; name = Base; path = Base.lproj/LaunchScreen.storyboard; sourceTree = "<group>"; };
		D44C66EB21688FD700E6A43D /* Info.plist */ = {isa = PBXFileReference; lastKnownFileType = text.plist.xml; path = Info.plist; sourceTree = "<group>"; };
		D4593B45217733CC00E5FF52 /* HogeDefaultViewController.storyboard */ = {isa = PBXFileReference; lastKnownFileType = file.storyboard; path = HogeDefaultViewController.storyboard; sourceTree = "<group>"; };
		D4593B46217733CC00E5FF52 /* HogeDefaultViewController.swift */ = {isa = PBXFileReference; lastKnownFileType = sourcecode.swift; path = HogeDefaultViewController.swift; sourceTree = "<group>"; };
		D4593B582177348100E5FF52 /* HogeTableViewController.swift */ = {isa = PBXFileReference; lastKnownFileType = sourcecode.swift; path = HogeTableViewController.swift; sourceTree = "<group>"; };
		D4593B592177348100E5FF52 /* HogeTableViewController.storyboard */ = {isa = PBXFileReference; lastKnownFileType = file.storyboard; path = HogeTableViewController.storyboard; sourceTree = "<group>"; };
		D4593B5A2177348100E5FF52 /* HogeTableViewModel.swift */ = {isa = PBXFileReference; lastKnownFileType = sourcecode.swift; path = HogeTableViewModel.swift; sourceTree = "<group>"; };
		D4593B6F2180A21700E5FF52 /* RemoveBoilerplatelessTemplate.sh */ = {isa = PBXFileReference; fileEncoding = 4; lastKnownFileType = text.script.sh; path = RemoveBoilerplatelessTemplate.sh; sourceTree = "<group>"; };
		D4593B772180A3EF00E5FF52 /* HogeTableViewCell.xib */ = {isa = PBXFileReference; lastKnownFileType = file.xib; path = HogeTableViewCell.xib; sourceTree = "<group>"; };
		D4593B782180A3EF00E5FF52 /* HogeTableViewCell.swift */ = {isa = PBXFileReference; lastKnownFileType = sourcecode.swift; path = HogeTableViewCell.swift; sourceTree = "<group>"; };
		D4593B792180A3EF00E5FF52 /* HogeTableViewCellModel.swift */ = {isa = PBXFileReference; lastKnownFileType = sourcecode.swift; path = HogeTableViewCellModel.swift; sourceTree = "<group>"; };
/* End PBXFileReference section */

/* Begin PBXFrameworksBuildPhase section */
		D44C66D921688FD300E6A43D /* Frameworks */ = {
			isa = PBXFrameworksBuildPhase;
			buildActionMask = 2147483647;
			files = (
			);
			runOnlyForDeploymentPostprocessing = 0;
		};
/* End PBXFrameworksBuildPhase section */

/* Begin PBXGroup section */
		D440031C216899E8000C40C7 /* View */ = {
			isa = PBXGroup;
			children = (
				D4593B6021809FC400E5FF52 /* TableViewCell */,
				D4593B49217733FC00E5FF52 /* TableViewController */,
				D4593B32217732EA00E5FF52 /* ViewController */,
			);
			path = View;
			sourceTree = "<group>";
		};
		D44003782169B550000C40C7 /* BoilerplatelessTemplate */ = {
			isa = PBXGroup;
			children = (
				D4593B6F2180A21700E5FF52 /* RemoveBoilerplatelessTemplate.sh */,
				D44003D02169B550000C40C7 /* SetupBoilerplatelessTemplate.sh */,
			);
			path = BoilerplatelessTemplate;
			sourceTree = "<group>";
		};
		D44C66D321688FD200E6A43D = {
			isa = PBXGroup;
			children = (
				D44C66DE21688FD300E6A43D /* BoilerplatelessSample */,
				D44C66DD21688FD300E6A43D /* Products */,
			);
			sourceTree = "<group>";
		};
		D44C66DD21688FD300E6A43D /* Products */ = {
			isa = PBXGroup;
			children = (
				D44C66DC21688FD300E6A43D /* BoilerplatelessSample.app */,
			);
			name = Products;
			sourceTree = "<group>";
		};
		D44C66DE21688FD300E6A43D /* BoilerplatelessSample */ = {
			isa = PBXGroup;
			children = (
				D44003782169B550000C40C7 /* BoilerplatelessTemplate */,
				D440031C216899E8000C40C7 /* View */,
				D44C66DF21688FD300E6A43D /* AppDelegate.swift */,
				D44C66E121688FD300E6A43D /* ViewController.swift */,
				D44C66E321688FD300E6A43D /* Main.storyboard */,
				D44C66E621688FD700E6A43D /* Assets.xcassets */,
				D44C66E821688FD700E6A43D /* LaunchScreen.storyboard */,
				D44C66EB21688FD700E6A43D /* Info.plist */,
				D440036D2169A7D2000C40C7 /* ViewModel.swift */,
				D440036F2169AACF000C40C7 /* Instantiatable.swift */,
				D44004102169C7DE000C40C7 /* README.md */,
			);
			path = BoilerplatelessSample;
			sourceTree = "<group>";
		};
		D4593B32217732EA00E5FF52 /* ViewController */ = {
			isa = PBXGroup;
			children = (
				D4593B33217732EA00E5FF52 /* ViewModel */,
				D4593B34217732EA00E5FF52 /* Default */,
			);
			path = ViewController;
			sourceTree = "<group>";
		};
		D4593B33217732EA00E5FF52 /* ViewModel */ = {
			isa = PBXGroup;
			children = (
				D440040A2169C141000C40C7 /* HogeViewController.storyboard */,
				D440040B2169C141000C40C7 /* HogeViewController.swift */,
				D440040C2169C141000C40C7 /* HogeViewModel.swift */,
			);
			path = ViewModel;
			sourceTree = "<group>";
		};
		D4593B34217732EA00E5FF52 /* Default */ = {
			isa = PBXGroup;
			children = (
				D4593B45217733CC00E5FF52 /* HogeDefaultViewController.storyboard */,
				D4593B46217733CC00E5FF52 /* HogeDefaultViewController.swift */,
			);
			path = Default;
			sourceTree = "<group>";
		};
		D4593B49217733FC00E5FF52 /* TableViewController */ = {
			isa = PBXGroup;
			children = (
				D4593B4A217733FC00E5FF52 /* ViewModel */,
				D4593B4B217733FC00E5FF52 /* Default */,
			);
			path = TableViewController;
			sourceTree = "<group>";
		};
		D4593B4A217733FC00E5FF52 /* ViewModel */ = {
			isa = PBXGroup;
			children = (
				D4593B582177348100E5FF52 /* HogeTableViewController.swift */,
				D4593B592177348100E5FF52 /* HogeTableViewController.storyboard */,
				D4593B5A2177348100E5FF52 /* HogeTableViewModel.swift */,
			);
			path = ViewModel;
			sourceTree = "<group>";
		};
		D4593B4B217733FC00E5FF52 /* Default */ = {
			isa = PBXGroup;
			children = (
			);
			path = Default;
			sourceTree = "<group>";
		};
		D4593B6021809FC400E5FF52 /* TableViewCell */ = {
			isa = PBXGroup;
			children = (
				D4593B772180A3EF00E5FF52 /* HogeTableViewCell.xib */,
				D4593B782180A3EF00E5FF52 /* HogeTableViewCell.swift */,
				D4593B792180A3EF00E5FF52 /* HogeTableViewCellModel.swift */,
			);
			path = TableViewCell;
			sourceTree = "<group>";
		};
/* End PBXGroup section */

/* Begin PBXNativeTarget section */
		D44C66DB21688FD300E6A43D /* BoilerplatelessSample */ = {
			isa = PBXNativeTarget;
			buildConfigurationList = D44C66EE21688FD700E6A43D /* Build configuration list for PBXNativeTarget "BoilerplatelessSample" */;
			buildPhases = (
				D44C66D821688FD300E6A43D /* Sources */,
				D44C66D921688FD300E6A43D /* Frameworks */,
				D44C66DA21688FD300E6A43D /* Resources */,
			);
			buildRules = (
			);
			dependencies = (
			);
			name = BoilerplatelessSample;
			productName = BoilerplatelessSample;
			productReference = D44C66DC21688FD300E6A43D /* BoilerplatelessSample.app */;
			productType = "com.apple.product-type.application";
		};
/* End PBXNativeTarget section */

/* Begin PBXProject section */
		D44C66D421688FD200E6A43D /* Project object */ = {
			isa = PBXProject;
			attributes = {
				LastSwiftUpdateCheck = 1000;
				LastUpgradeCheck = 1000;
				ORGANIZATIONNAME = "Shinji Kurosawa";
				TargetAttributes = {
					D44C66DB21688FD300E6A43D = {
						CreatedOnToolsVersion = 10.0;
					};
				};
			};
			buildConfigurationList = D44C66D721688FD200E6A43D /* Build configuration list for PBXProject "BoilerplatelessSample" */;
			compatibilityVersion = "Xcode 9.3";
			developmentRegion = en;
			hasScannedForEncodings = 0;
			knownRegions = (
				en,
				Base,
			);
			mainGroup = D44C66D321688FD200E6A43D;
			productRefGroup = D44C66DD21688FD300E6A43D /* Products */;
			projectDirPath = "";
			projectRoot = "";
			targets = (
				D44C66DB21688FD300E6A43D /* BoilerplatelessSample */,
			);
		};
/* End PBXProject section */

/* Begin PBXResourcesBuildPhase section */
		D44C66DA21688FD300E6A43D /* Resources */ = {
			isa = PBXResourcesBuildPhase;
			buildActionMask = 2147483647;
			files = (
				D44004112169C7DE000C40C7 /* README.md in Resources */,
				D44C66EA21688FD700E6A43D /* LaunchScreen.storyboard in Resources */,
				D44C66E721688FD700E6A43D /* Assets.xcassets in Resources */,
				D4593B47217733CC00E5FF52 /* HogeDefaultViewController.storyboard in Resources */,
				D440040D2169C141000C40C7 /* HogeViewController.storyboard in Resources */,
				D44003FD2169B550000C40C7 /* SetupBoilerplatelessTemplate.sh in Resources */,
				D44C66E521688FD300E6A43D /* Main.storyboard in Resources */,
				D4593B702180A21700E5FF52 /* RemoveBoilerplatelessTemplate.sh in Resources */,
				D4593B7A2180A3EF00E5FF52 /* HogeTableViewCell.xib in Resources */,
				D4593B5D2177348100E5FF52 /* HogeTableViewController.storyboard in Resources */,
			);
			runOnlyForDeploymentPostprocessing = 0;
		};
/* End PBXResourcesBuildPhase section */

/* Begin PBXSourcesBuildPhase section */
		D44C66D821688FD300E6A43D /* Sources */ = {
			isa = PBXSourcesBuildPhase;
			buildActionMask = 2147483647;
			files = (
				D440036E2169A7D2000C40C7 /* ViewModel.swift in Sources */,
				D44003702169AACF000C40C7 /* Instantiatable.swift in Sources */,
				D4593B7B2180A3EF00E5FF52 /* HogeTableViewCell.swift in Sources */,
				D4593B5C2177348100E5FF52 /* HogeTableViewController.swift in Sources */,
				D4593B7C2180A3EF00E5FF52 /* HogeTableViewCellModel.swift in Sources */,
				D4593B48217733CC00E5FF52 /* HogeDefaultViewController.swift in Sources */,
				D44C66E221688FD300E6A43D /* ViewController.swift in Sources */,
				D440040F2169C141000C40C7 /* HogeViewModel.swift in Sources */,
				D44C66E021688FD300E6A43D /* AppDelegate.swift in Sources */,
				D440040E2169C141000C40C7 /* HogeViewController.swift in Sources */,
				D4593B5E2177348100E5FF52 /* HogeTableViewModel.swift in Sources */,
			);
			runOnlyForDeploymentPostprocessing = 0;
		};
/* End PBXSourcesBuildPhase section */

/* Begin PBXVariantGroup section */
		D44C66E321688FD300E6A43D /* Main.storyboard */ = {
			isa = PBXVariantGroup;
			children = (
				D44C66E421688FD300E6A43D /* Base */,
			);
			name = Main.storyboard;
			sourceTree = "<group>";
		};
		D44C66E821688FD700E6A43D /* LaunchScreen.storyboard */ = {
			isa = PBXVariantGroup;
			children = (
				D44C66E921688FD700E6A43D /* Base */,
			);
			name = LaunchScreen.storyboard;
			sourceTree = "<group>";
		};
/* End PBXVariantGroup section */

/* Begin XCBuildConfiguration section */
		D44C66EC21688FD700E6A43D /* Debug */ = {
			isa = XCBuildConfiguration;
			buildSettings = {
				ALWAYS_SEARCH_USER_PATHS = NO;
				CLANG_ANALYZER_NONNULL = YES;
				CLANG_ANALYZER_NUMBER_OBJECT_CONVERSION = YES_AGGRESSIVE;
				CLANG_CXX_LANGUAGE_STANDARD = "gnu++14";
				CLANG_CXX_LIBRARY = "libc++";
				CLANG_ENABLE_MODULES = YES;
				CLANG_ENABLE_OBJC_ARC = YES;
				CLANG_ENABLE_OBJC_WEAK = YES;
				CLANG_WARN_BLOCK_CAPTURE_AUTORELEASING = YES;
				CLANG_WARN_BOOL_CONVERSION = YES;
				CLANG_WARN_COMMA = YES;
				CLANG_WARN_CONSTANT_CONVERSION = YES;
				CLANG_WARN_DEPRECATED_OBJC_IMPLEMENTATIONS = YES;
				CLANG_WARN_DIRECT_OBJC_ISA_USAGE = YES_ERROR;
				CLANG_WARN_DOCUMENTATION_COMMENTS = YES;
				CLANG_WARN_EMPTY_BODY = YES;
				CLANG_WARN_ENUM_CONVERSION = YES;
				CLANG_WARN_INFINITE_RECURSION = YES;
				CLANG_WARN_INT_CONVERSION = YES;
				CLANG_WARN_NON_LITERAL_NULL_CONVERSION = YES;
				CLANG_WARN_OBJC_IMPLICIT_RETAIN_SELF = YES;
				CLANG_WARN_OBJC_LITERAL_CONVERSION = YES;
				CLANG_WARN_OBJC_ROOT_CLASS = YES_ERROR;
				CLANG_WARN_RANGE_LOOP_ANALYSIS = YES;
				CLANG_WARN_STRICT_PROTOTYPES = YES;
				CLANG_WARN_SUSPICIOUS_MOVE = YES;
				CLANG_WARN_UNGUARDED_AVAILABILITY = YES_AGGRESSIVE;
				CLANG_WARN_UNREACHABLE_CODE = YES;
				CLANG_WARN__DUPLICATE_METHOD_MATCH = YES;
				CODE_SIGN_IDENTITY = "iPhone Developer";
				COPY_PHASE_STRIP = NO;
				DEBUG_INFORMATION_FORMAT = dwarf;
				ENABLE_STRICT_OBJC_MSGSEND = YES;
				ENABLE_TESTABILITY = YES;
				GCC_C_LANGUAGE_STANDARD = gnu11;
				GCC_DYNAMIC_NO_PIC = NO;
				GCC_NO_COMMON_BLOCKS = YES;
				GCC_OPTIMIZATION_LEVEL = 0;
				GCC_PREPROCESSOR_DEFINITIONS = (
					"DEBUG=1",
					"$(inherited)",
				);
				GCC_WARN_64_TO_32_BIT_CONVERSION = YES;
				GCC_WARN_ABOUT_RETURN_TYPE = YES_ERROR;
				GCC_WARN_UNDECLARED_SELECTOR = YES;
				GCC_WARN_UNINITIALIZED_AUTOS = YES_AGGRESSIVE;
				GCC_WARN_UNUSED_FUNCTION = YES;
				GCC_WARN_UNUSED_VARIABLE = YES;
				IPHONEOS_DEPLOYMENT_TARGET = 12.0;
				MTL_ENABLE_DEBUG_INFO = INCLUDE_SOURCE;
				MTL_FAST_MATH = YES;
				ONLY_ACTIVE_ARCH = YES;
				SDKROOT = iphoneos;
				SWIFT_ACTIVE_COMPILATION_CONDITIONS = DEBUG;
				SWIFT_OPTIMIZATION_LEVEL = "-Onone";
			};
			name = Debug;
		};
		D44C66ED21688FD700E6A43D /* Release */ = {
			isa = XCBuildConfiguration;
			buildSettings = {
				ALWAYS_SEARCH_USER_PATHS = NO;
				CLANG_ANALYZER_NONNULL = YES;
				CLANG_ANALYZER_NUMBER_OBJECT_CONVERSION = YES_AGGRESSIVE;
				CLANG_CXX_LANGUAGE_STANDARD = "gnu++14";
				CLANG_CXX_LIBRARY = "libc++";
				CLANG_ENABLE_MODULES = YES;
				CLANG_ENABLE_OBJC_ARC = YES;
				CLANG_ENABLE_OBJC_WEAK = YES;
				CLANG_WARN_BLOCK_CAPTURE_AUTORELEASING = YES;
				CLANG_WARN_BOOL_CONVERSION = YES;
				CLANG_WARN_COMMA = YES;
				CLANG_WARN_CONSTANT_CONVERSION = YES;
				CLANG_WARN_DEPRECATED_OBJC_IMPLEMENTATIONS = YES;
				CLANG_WARN_DIRECT_OBJC_ISA_USAGE = YES_ERROR;
				CLANG_WARN_DOCUMENTATION_COMMENTS = YES;
				CLANG_WARN_EMPTY_BODY = YES;
				CLANG_WARN_ENUM_CONVERSION = YES;
				CLANG_WARN_INFINITE_RECURSION = YES;
				CLANG_WARN_INT_CONVERSION = YES;
				CLANG_WARN_NON_LITERAL_NULL_CONVERSION = YES;
				CLANG_WARN_OBJC_IMPLICIT_RETAIN_SELF = YES;
				CLANG_WARN_OBJC_LITERAL_CONVERSION = YES;
				CLANG_WARN_OBJC_ROOT_CLASS = YES_ERROR;
				CLANG_WARN_RANGE_LOOP_ANALYSIS = YES;
				CLANG_WARN_STRICT_PROTOTYPES = YES;
				CLANG_WARN_SUSPICIOUS_MOVE = YES;
				CLANG_WARN_UNGUARDED_AVAILABILITY = YES_AGGRESSIVE;
				CLANG_WARN_UNREACHABLE_CODE = YES;
				CLANG_WARN__DUPLICATE_METHOD_MATCH = YES;
				CODE_SIGN_IDENTITY = "iPhone Developer";
				COPY_PHASE_STRIP = NO;
				DEBUG_INFORMATION_FORMAT = "dwarf-with-dsym";
				ENABLE_NS_ASSERTIONS = NO;
				ENABLE_STRICT_OBJC_MSGSEND = YES;
				GCC_C_LANGUAGE_STANDARD = gnu11;
				GCC_NO_COMMON_BLOCKS = YES;
				GCC_WARN_64_TO_32_BIT_CONVERSION = YES;
				GCC_WARN_ABOUT_RETURN_TYPE = YES_ERROR;
				GCC_WARN_UNDECLARED_SELECTOR = YES;
				GCC_WARN_UNINITIALIZED_AUTOS = YES_AGGRESSIVE;
				GCC_WARN_UNUSED_FUNCTION = YES;
				GCC_WARN_UNUSED_VARIABLE = YES;
				IPHONEOS_DEPLOYMENT_TARGET = 12.0;
				MTL_ENABLE_DEBUG_INFO = NO;
				MTL_FAST_MATH = YES;
				SDKROOT = iphoneos;
				SWIFT_COMPILATION_MODE = wholemodule;
				SWIFT_OPTIMIZATION_LEVEL = "-O";
				VALIDATE_PRODUCT = YES;
			};
			name = Release;
		};
		D44C66EF21688FD700E6A43D /* Debug */ = {
			isa = XCBuildConfiguration;
			buildSettings = {
				ASSETCATALOG_COMPILER_APPICON_NAME = AppIcon;
				CODE_SIGN_STYLE = Automatic;
				DEVELOPMENT_TEAM = S7D5HM735C;
				INFOPLIST_FILE = BoilerplatelessSample/Info.plist;
				LD_RUNPATH_SEARCH_PATHS = (
					"$(inherited)",
					"@executable_path/Frameworks",
				);
				PRODUCT_BUNDLE_IDENTIFIER = com.46kuro.BoilerplatelessSample;
				PRODUCT_NAME = "$(TARGET_NAME)";
				SWIFT_VERSION = 4.2;
				TARGETED_DEVICE_FAMILY = "1,2";
			};
			name = Debug;
		};
		D44C66F021688FD700E6A43D /* Release */ = {
			isa = XCBuildConfiguration;
			buildSettings = {
				ASSETCATALOG_COMPILER_APPICON_NAME = AppIcon;
				CODE_SIGN_STYLE = Automatic;
				DEVELOPMENT_TEAM = S7D5HM735C;
				INFOPLIST_FILE = BoilerplatelessSample/Info.plist;
				LD_RUNPATH_SEARCH_PATHS = (
					"$(inherited)",
					"@executable_path/Frameworks",
				);
				PRODUCT_BUNDLE_IDENTIFIER = com.46kuro.BoilerplatelessSample;
				PRODUCT_NAME = "$(TARGET_NAME)";
				SWIFT_VERSION = 4.2;
				TARGETED_DEVICE_FAMILY = "1,2";
			};
			name = Release;
		};
/* End XCBuildConfiguration section */

/* Begin XCConfigurationList section */
		D44C66D721688FD200E6A43D /* Build configuration list for PBXProject "BoilerplatelessSample" */ = {
			isa = XCConfigurationList;
			buildConfigurations = (
				D44C66EC21688FD700E6A43D /* Debug */,
				D44C66ED21688FD700E6A43D /* Release */,
			);
			defaultConfigurationIsVisible = 0;
			defaultConfigurationName = Release;
		};
		D44C66EE21688FD700E6A43D /* Build configuration list for PBXNativeTarget "BoilerplatelessSample" */ = {
			isa = XCConfigurationList;
			buildConfigurations = (
				D44C66EF21688FD700E6A43D /* Debug */,
				D44C66F021688FD700E6A43D /* Release */,
			);
			defaultConfigurationIsVisible = 0;
			defaultConfigurationName = Release;
		};
/* End XCConfigurationList section */
	};
	rootObject = D44C66D421688FD200E6A43D /* Project object */;
}
